
Microsoft Visual Studio Solution File, Format Version 12.00
# Visual Studio Version 17
VisualStudioVersion = 17.10.34916.146
MinimumVisualStudioVersion = 10.0.40219.1
Project("{FAE04EC0-301F-11D3-BF4B-00C04F79EFBC}") = "Entities", "Entities\Entities.csproj", "{FF2C3ECD-31C8-429F-8585-5A10756F7AF5}"
EndProject
Project("{FAE04EC0-301F-11D3-BF4B-00C04F79EFBC}") = "Business", "Business\Business.csproj", "{7926C975-9275-4631-B962-177A32BF85BC}"
EndProject
Project("{FAE04EC0-301F-11D3-BF4B-00C04F79EFBC}") = "DataAccess", "DataAccess\DataAccess.csproj", "{442882D9-6A53-4EA2-B38C-7FE6CF0F52DB}"
EndProject
Project("{FAE04EC0-301F-11D3-BF4B-00C04F79EFBC}") = "Core", "Core\Core.csproj", "{4457941C-526B-4317-8DE0-C10E8CCEE6C1}"
EndProject
Project("{FAE04EC0-301F-11D3-BF4B-00C04F79EFBC}") = "EcommerceConsole", "EcommerceConsole\EcommerceConsole.csproj", "{3C34DBB2-73BE-451A-AB50-69CAB50E4248}"
EndProject
Global
	GlobalSection(SolutionConfigurationPlatforms) = preSolution
		Debug|Any CPU = Debug|Any CPU
		Release|Any CPU = Release|Any CPU
	EndGlobalSection
	GlobalSection(ProjectConfigurationPlatforms) = postSolution
		{FF2C3ECD-31C8-429F-8585-5A10756F7AF5}.Debug|Any CPU.ActiveCfg = Debug|Any CPU
		{FF2C3ECD-31C8-429F-8585-5A10756F7AF5}.Debug|Any CPU.Build.0 = Debug|Any CPU
		{FF2C3ECD-31C8-429F-8585-5A10756F7AF5}.Release|Any CPU.ActiveCfg = Release|Any CPU
		{FF2C3ECD-31C8-429F-8585-5A10756F7AF5}.Release|Any CPU.Build.0 = Release|Any CPU
		{7926C975-9275-4631-B962-177A32BF85BC}.Debug|Any CPU.ActiveCfg = Debug|Any CPU
		{7926C975-9275-4631-B962-177A32BF85BC}.Debug|Any CPU.Build.0 = Debug|Any CPU
		{7926C975-9275-4631-B962-177A32BF85BC}.Release|Any CPU.ActiveCfg = Release|Any CPU
		{7926C975-9275-4631-B962-177A32BF85BC}.Release|Any CPU.Build.0 = Release|Any CPU
		{442882D9-6A53-4EA2-B38C-7FE6CF0F52DB}.Debug|Any CPU.ActiveCfg = Debug|Any CPU
		{442882D9-6A53-4EA2-B38C-7FE6CF0F52DB}.Debug|Any CPU.Build.0 = Debug|Any CPU
		{442882D9-6A53-4EA2-B38C-7FE6CF0F52DB}.Release|Any CPU.ActiveCfg = Release|Any CPU
		{442882D9-6A53-4EA2-B38C-7FE6CF0F52DB}.Release|Any CPU.Build.0 = Release|Any CPU
		{4457941C-526B-4317-8DE0-C10E8CCEE6C1}.Debug|Any CPU.ActiveCfg = Debug|Any CPU
		{4457941C-526B-4317-8DE0-C10E8CCEE6C1}.Debug|Any CPU.Build.0 = Debug|Any CPU
		{4457941C-526B-4317-8DE0-C10E8CCEE6C1}.Release|Any CPU.ActiveCfg = Release|Any CPU
		{4457941C-526B-4317-8DE0-C10E8CCEE6C1}.Release|Any CPU.Build.0 = Release|Any CPU
		{3C34DBB2-73BE-451A-AB50-69CAB50E4248}.Debug|Any CPU.ActiveCfg = Debug|Any CPU
		{3C34DBB2-73BE-451A-AB50-69CAB50E4248}.Debug|Any CPU.Build.0 = Debug|Any CPU
		{3C34DBB2-73BE-451A-AB50-69CAB50E4248}.Release|Any CPU.ActiveCfg = Release|Any CPU
		{3C34DBB2-73BE-451A-AB50-69CAB50E4248}.Release|Any CPU.Build.0 = Release|Any CPU
	EndGlobalSection
	GlobalSection(SolutionProperties) = preSolution
		HideSolutionNode = FALSE
	EndGlobalSection
	GlobalSection(ExtensibilityGlobals) = postSolution
		SolutionGuid = {2FA55147-5842-4E80-B12B-23EC3FBD2E7A}
	EndGlobalSection
EndGlobal
